
Microsoft Visual Studio Solution File, Format Version 12.00
# Visual Studio Version 17
VisualStudioVersion = 17.1.32210.238
MinimumVisualStudioVersion = 10.0.40219.1
Project("{9A19103F-16F7-4668-BE54-9A1E7A4F7556}") = "Blazor.Assembly.Helkin.Server", "Blazor.Assembly.Helkin\Server\Blazor.Assembly.Helkin.Server.csproj", "{9897F581-D493-47D9-953C-AE4C02B18BE6}"
EndProject
Project("{9A19103F-16F7-4668-BE54-9A1E7A4F7556}") = "Blazor.Assembly.Helkin.Client", "Blazor.Assembly.Helkin\Client\Blazor.Assembly.Helkin.Client.csproj", "{CB13D9A1-F472-486A-803D-D0D63D5E7A39}"
EndProject
Project("{9A19103F-16F7-4668-BE54-9A1E7A4F7556}") = "Blazor.Assembly.Helkin.Shared", "Blazor.Assembly.Helkin\Shared\Blazor.Assembly.Helkin.Shared.csproj", "{29732BFD-41B9-47D2-990C-C8F2B6516DA5}"
EndProject
Project("{9A19103F-16F7-4668-BE54-9A1E7A4F7556}") = "Blazor.Assembly.Helkin.Repository", "Blazor.Assembly.Repository\Blazor.Assembly.Helkin.Repository.csproj", "{CB188E58-D610-4CBA-B977-354970651F06}"
EndProject
Global
	GlobalSection(SolutionConfigurationPlatforms) = preSolution
		Debug|Any CPU = Debug|Any CPU
		Release|Any CPU = Release|Any CPU
	EndGlobalSection
	GlobalSection(ProjectConfigurationPlatforms) = postSolution
		{9897F581-D493-47D9-953C-AE4C02B18BE6}.Debug|Any CPU.ActiveCfg = Debug|Any CPU
		{9897F581-D493-47D9-953C-AE4C02B18BE6}.Debug|Any CPU.Build.0 = Debug|Any CPU
		{9897F581-D493-47D9-953C-AE4C02B18BE6}.Release|Any CPU.ActiveCfg = Release|Any CPU
		{9897F581-D493-47D9-953C-AE4C02B18BE6}.Release|Any CPU.Build.0 = Release|Any CPU
		{CB13D9A1-F472-486A-803D-D0D63D5E7A39}.Debug|Any CPU.ActiveCfg = Debug|Any CPU
		{CB13D9A1-F472-486A-803D-D0D63D5E7A39}.Debug|Any CPU.Build.0 = Debug|Any CPU
		{CB13D9A1-F472-486A-803D-D0D63D5E7A39}.Release|Any CPU.ActiveCfg = Release|Any CPU
		{CB13D9A1-F472-486A-803D-D0D63D5E7A39}.Release|Any CPU.Build.0 = Release|Any CPU
		{29732BFD-41B9-47D2-990C-C8F2B6516DA5}.Debug|Any CPU.ActiveCfg = Debug|Any CPU
		{29732BFD-41B9-47D2-990C-C8F2B6516DA5}.Debug|Any CPU.Build.0 = Debug|Any CPU
		{29732BFD-41B9-47D2-990C-C8F2B6516DA5}.Release|Any CPU.ActiveCfg = Release|Any CPU
		{29732BFD-41B9-47D2-990C-C8F2B6516DA5}.Release|Any CPU.Build.0 = Release|Any CPU
		{CB188E58-D610-4CBA-B977-354970651F06}.Debug|Any CPU.ActiveCfg = Debug|Any CPU
		{CB188E58-D610-4CBA-B977-354970651F06}.Debug|Any CPU.Build.0 = Debug|Any CPU
		{CB188E58-D610-4CBA-B977-354970651F06}.Release|Any CPU.ActiveCfg = Release|Any CPU
		{CB188E58-D610-4CBA-B977-354970651F06}.Release|Any CPU.Build.0 = Release|Any CPU
	EndGlobalSection
	GlobalSection(SolutionProperties) = preSolution
		HideSolutionNode = FALSE
	EndGlobalSection
	GlobalSection(ExtensibilityGlobals) = postSolution
		SolutionGuid = {A724ABDA-5102-4422-87B5-9456014C888E}
	EndGlobalSection
EndGlobal
